
Microsoft Visual Studio Solution File, Format Version 12.00
# Visual Studio Version 17
VisualStudioVersion = 17.8.34330.188
MinimumVisualStudioVersion = 10.0.40219.1
Project("{8BC9CEB8-8B4A-11D0-8D11-00A0C91BC942}") = "HelloWorld", "HelloWorld\HelloWorld.vcxproj", "{C433278A-BC9C-4486-9FF8-56350440769C}"
EndProject
Project("{2150E333-8FDC-42A3-9474-1A3956D46DE8}") = "Solution Items", "Solution Items", "{0918A58E-8B77-4B20-AA0A-063E11C6EC9F}"
	ProjectSection(SolutionItems) = preProject
		.gitignore = .gitignore
		README.md = README.md
	EndProjectSection
EndProject
Project("{8BC9CEB8-8B4A-11D0-8D11-00A0C91BC942}") = "BasicInputOutput", "BasicInputOutput\BasicInputOutput.vcxproj", "{955F8D05-A5B5-43C2-BD74-464E191B481D}"
EndProject
Project("{8BC9CEB8-8B4A-11D0-8D11-00A0C91BC942}") = "DoubleInput", "DoubleInput\DoubleInput.vcxproj", "{CE892943-7ECC-4EA1-9FC3-D93CF60050F7}"
EndProject
Project("{8BC9CEB8-8B4A-11D0-8D11-00A0C91BC942}") = "AddSubtractInputs", "SubtractInputs\SubtractInputs.vcxproj", "{4E29B859-2683-43D2-9EF8-E359BACCF116}"
EndProject
Project("{8BC9CEB8-8B4A-11D0-8D11-00A0C91BC942}") = "FunctionPractice", "FunctionPractice\FunctionPractice.vcxproj", "{0CB1BB2B-A2EF-4DCF-BF3C-F18D67D2714C}"
EndProject
Project("{8BC9CEB8-8B4A-11D0-8D11-00A0C91BC942}") = "HeaderExample", "MultipleSourceFiles\MultipleSourceFiles.vcxproj", "{FD7C8293-57C2-4D56-B303-191D633E569C}"
EndProject
Project("{2150E333-8FDC-42A3-9474-1A3956D46DE8}") = "HackerRank", "HackerRank", "{44105CAE-885C-479F-978E-5B10258119E5}"
EndProject
Project("{2150E333-8FDC-42A3-9474-1A3956D46DE8}") = "LearnCPP", "LearnCPP", "{FFA43628-1B6C-4250-A97F-1409DED292F9}"
EndProject
Project("{8BC9CEB8-8B4A-11D0-8D11-00A0C91BC942}") = "BasicDataTypes", "BasicDataTypes\BasicDataTypes.vcxproj", "{BAE26448-7BD3-4199-8AF2-5200F866D2A3}"
EndProject
Project("{8BC9CEB8-8B4A-11D0-8D11-00A0C91BC942}") = "ConditionalIfElse", "ConditionalIfElse\ConditionalIfElse.vcxproj", "{6D297C79-34C7-4B72-98C6-FF54C19BC139}"
EndProject
Project("{8BC9CEB8-8B4A-11D0-8D11-00A0C91BC942}") = "ForLoop", "ForLoop\ForLoop.vcxproj", "{45923CFA-1BFA-4092-A689-B8E52C1705FB}"
EndProject
Project("{8BC9CEB8-8B4A-11D0-8D11-00A0C91BC942}") = "AddInputs", "AddInputs\AddInputs.vcxproj", "{892050CE-14B6-4DDA-B2C3-9441278BAAAE}"
EndProject
Project("{8BC9CEB8-8B4A-11D0-8D11-00A0C91BC942}") = "SizeOfExamples", "SizeOfExamples\SizeOfExamples.vcxproj", "{64B33C8B-3374-410F-AFF0-FA15F0FAC017}"
EndProject
Project("{8BC9CEB8-8B4A-11D0-8D11-00A0C91BC942}") = "ArithmeticOverflow", "ArithmeticOverflow\ArithmeticOverflow.vcxproj", "{151F7499-8CB4-41D3-B89B-658C7CF8F521}"
EndProject
Project("{8BC9CEB8-8B4A-11D0-8D11-00A0C91BC942}") = "Functions", "Functions\Functions.vcxproj", "{B51EA0AA-C631-4883-9C74-2C123A857D3B}"
EndProject
Project("{8BC9CEB8-8B4A-11D0-8D11-00A0C91BC942}") = "Pointer", "Pointer\Pointer.vcxproj", "{27CCB8B9-D309-4BC4-83C2-8DA62C51F339}"
EndProject
Global
	GlobalSection(SolutionConfigurationPlatforms) = preSolution
		Debug|x64 = Debug|x64
		Debug|x86 = Debug|x86
		Release|x64 = Release|x64
		Release|x86 = Release|x86
	EndGlobalSection
	GlobalSection(ProjectConfigurationPlatforms) = postSolution
		{C433278A-BC9C-4486-9FF8-56350440769C}.Debug|x64.ActiveCfg = Debug|x64
		{C433278A-BC9C-4486-9FF8-56350440769C}.Debug|x64.Build.0 = Debug|x64
		{C433278A-BC9C-4486-9FF8-56350440769C}.Debug|x86.ActiveCfg = Debug|Win32
		{C433278A-BC9C-4486-9FF8-56350440769C}.Debug|x86.Build.0 = Debug|Win32
		{C433278A-BC9C-4486-9FF8-56350440769C}.Release|x64.ActiveCfg = Release|x64
		{C433278A-BC9C-4486-9FF8-56350440769C}.Release|x64.Build.0 = Release|x64
		{C433278A-BC9C-4486-9FF8-56350440769C}.Release|x86.ActiveCfg = Release|Win32
		{C433278A-BC9C-4486-9FF8-56350440769C}.Release|x86.Build.0 = Release|Win32
		{955F8D05-A5B5-43C2-BD74-464E191B481D}.Debug|x64.ActiveCfg = Debug|x64
		{955F8D05-A5B5-43C2-BD74-464E191B481D}.Debug|x64.Build.0 = Debug|x64
		{955F8D05-A5B5-43C2-BD74-464E191B481D}.Debug|x86.ActiveCfg = Debug|Win32
		{955F8D05-A5B5-43C2-BD74-464E191B481D}.Debug|x86.Build.0 = Debug|Win32
		{955F8D05-A5B5-43C2-BD74-464E191B481D}.Release|x64.ActiveCfg = Release|x64
		{955F8D05-A5B5-43C2-BD74-464E191B481D}.Release|x64.Build.0 = Release|x64
		{955F8D05-A5B5-43C2-BD74-464E191B481D}.Release|x86.ActiveCfg = Release|Win32
		{955F8D05-A5B5-43C2-BD74-464E191B481D}.Release|x86.Build.0 = Release|Win32
		{CE892943-7ECC-4EA1-9FC3-D93CF60050F7}.Debug|x64.ActiveCfg = Debug|x64
		{CE892943-7ECC-4EA1-9FC3-D93CF60050F7}.Debug|x64.Build.0 = Debug|x64
		{CE892943-7ECC-4EA1-9FC3-D93CF60050F7}.Debug|x86.ActiveCfg = Debug|Win32
		{CE892943-7ECC-4EA1-9FC3-D93CF60050F7}.Debug|x86.Build.0 = Debug|Win32
		{CE892943-7ECC-4EA1-9FC3-D93CF60050F7}.Release|x64.ActiveCfg = Release|x64
		{CE892943-7ECC-4EA1-9FC3-D93CF60050F7}.Release|x64.Build.0 = Release|x64
		{CE892943-7ECC-4EA1-9FC3-D93CF60050F7}.Release|x86.ActiveCfg = Release|Win32
		{CE892943-7ECC-4EA1-9FC3-D93CF60050F7}.Release|x86.Build.0 = Release|Win32
		{4E29B859-2683-43D2-9EF8-E359BACCF116}.Debug|x64.ActiveCfg = Debug|x64
		{4E29B859-2683-43D2-9EF8-E359BACCF116}.Debug|x64.Build.0 = Debug|x64
		{4E29B859-2683-43D2-9EF8-E359BACCF116}.Debug|x86.ActiveCfg = Debug|Win32
		{4E29B859-2683-43D2-9EF8-E359BACCF116}.Debug|x86.Build.0 = Debug|Win32
		{4E29B859-2683-43D2-9EF8-E359BACCF116}.Release|x64.ActiveCfg = Release|x64
		{4E29B859-2683-43D2-9EF8-E359BACCF116}.Release|x64.Build.0 = Release|x64
		{4E29B859-2683-43D2-9EF8-E359BACCF116}.Release|x86.ActiveCfg = Release|Win32
		{4E29B859-2683-43D2-9EF8-E359BACCF116}.Release|x86.Build.0 = Release|Win32
		{0CB1BB2B-A2EF-4DCF-BF3C-F18D67D2714C}.Debug|x64.ActiveCfg = Debug|x64
		{0CB1BB2B-A2EF-4DCF-BF3C-F18D67D2714C}.Debug|x64.Build.0 = Debug|x64
		{0CB1BB2B-A2EF-4DCF-BF3C-F18D67D2714C}.Debug|x86.ActiveCfg = Debug|Win32
		{0CB1BB2B-A2EF-4DCF-BF3C-F18D67D2714C}.Debug|x86.Build.0 = Debug|Win32
		{0CB1BB2B-A2EF-4DCF-BF3C-F18D67D2714C}.Release|x64.ActiveCfg = Release|x64
		{0CB1BB2B-A2EF-4DCF-BF3C-F18D67D2714C}.Release|x64.Build.0 = Release|x64
		{0CB1BB2B-A2EF-4DCF-BF3C-F18D67D2714C}.Release|x86.ActiveCfg = Release|Win32
		{0CB1BB2B-A2EF-4DCF-BF3C-F18D67D2714C}.Release|x86.Build.0 = Release|Win32
		{FD7C8293-57C2-4D56-B303-191D633E569C}.Debug|x64.ActiveCfg = Debug|x64
		{FD7C8293-57C2-4D56-B303-191D633E569C}.Debug|x64.Build.0 = Debug|x64
		{FD7C8293-57C2-4D56-B303-191D633E569C}.Debug|x86.ActiveCfg = Debug|Win32
		{FD7C8293-57C2-4D56-B303-191D633E569C}.Debug|x86.Build.0 = Debug|Win32
		{FD7C8293-57C2-4D56-B303-191D633E569C}.Release|x64.ActiveCfg = Release|x64
		{FD7C8293-57C2-4D56-B303-191D633E569C}.Release|x64.Build.0 = Release|x64
		{FD7C8293-57C2-4D56-B303-191D633E569C}.Release|x86.ActiveCfg = Release|Win32
		{FD7C8293-57C2-4D56-B303-191D633E569C}.Release|x86.Build.0 = Release|Win32
		{BAE26448-7BD3-4199-8AF2-5200F866D2A3}.Debug|x64.ActiveCfg = Debug|x64
		{BAE26448-7BD3-4199-8AF2-5200F866D2A3}.Debug|x64.Build.0 = Debug|x64
		{BAE26448-7BD3-4199-8AF2-5200F866D2A3}.Debug|x86.ActiveCfg = Debug|Win32
		{BAE26448-7BD3-4199-8AF2-5200F866D2A3}.Debug|x86.Build.0 = Debug|Win32
		{BAE26448-7BD3-4199-8AF2-5200F866D2A3}.Release|x64.ActiveCfg = Release|x64
		{BAE26448-7BD3-4199-8AF2-5200F866D2A3}.Release|x64.Build.0 = Release|x64
		{BAE26448-7BD3-4199-8AF2-5200F866D2A3}.Release|x86.ActiveCfg = Release|Win32
		{BAE26448-7BD3-4199-8AF2-5200F866D2A3}.Release|x86.Build.0 = Release|Win32
		{6D297C79-34C7-4B72-98C6-FF54C19BC139}.Debug|x64.ActiveCfg = Debug|x64
		{6D297C79-34C7-4B72-98C6-FF54C19BC139}.Debug|x64.Build.0 = Debug|x64
		{6D297C79-34C7-4B72-98C6-FF54C19BC139}.Debug|x86.ActiveCfg = Debug|Win32
		{6D297C79-34C7-4B72-98C6-FF54C19BC139}.Debug|x86.Build.0 = Debug|Win32
		{6D297C79-34C7-4B72-98C6-FF54C19BC139}.Release|x64.ActiveCfg = Release|x64
		{6D297C79-34C7-4B72-98C6-FF54C19BC139}.Release|x64.Build.0 = Release|x64
		{6D297C79-34C7-4B72-98C6-FF54C19BC139}.Release|x86.ActiveCfg = Release|Win32
		{6D297C79-34C7-4B72-98C6-FF54C19BC139}.Release|x86.Build.0 = Release|Win32
		{45923CFA-1BFA-4092-A689-B8E52C1705FB}.Debug|x64.ActiveCfg = Debug|x64
		{45923CFA-1BFA-4092-A689-B8E52C1705FB}.Debug|x64.Build.0 = Debug|x64
		{45923CFA-1BFA-4092-A689-B8E52C1705FB}.Debug|x86.ActiveCfg = Debug|Win32
		{45923CFA-1BFA-4092-A689-B8E52C1705FB}.Debug|x86.Build.0 = Debug|Win32
		{45923CFA-1BFA-4092-A689-B8E52C1705FB}.Release|x64.ActiveCfg = Release|x64
		{45923CFA-1BFA-4092-A689-B8E52C1705FB}.Release|x64.Build.0 = Release|x64
		{45923CFA-1BFA-4092-A689-B8E52C1705FB}.Release|x86.ActiveCfg = Release|Win32
		{45923CFA-1BFA-4092-A689-B8E52C1705FB}.Release|x86.Build.0 = Release|Win32
		{892050CE-14B6-4DDA-B2C3-9441278BAAAE}.Debug|x64.ActiveCfg = Debug|x64
		{892050CE-14B6-4DDA-B2C3-9441278BAAAE}.Debug|x64.Build.0 = Debug|x64
		{892050CE-14B6-4DDA-B2C3-9441278BAAAE}.Debug|x86.ActiveCfg = Debug|Win32
		{892050CE-14B6-4DDA-B2C3-9441278BAAAE}.Debug|x86.Build.0 = Debug|Win32
		{892050CE-14B6-4DDA-B2C3-9441278BAAAE}.Release|x64.ActiveCfg = Release|x64
		{892050CE-14B6-4DDA-B2C3-9441278BAAAE}.Release|x64.Build.0 = Release|x64
		{892050CE-14B6-4DDA-B2C3-9441278BAAAE}.Release|x86.ActiveCfg = Release|Win32
		{892050CE-14B6-4DDA-B2C3-9441278BAAAE}.Release|x86.Build.0 = Release|Win32
		{64B33C8B-3374-410F-AFF0-FA15F0FAC017}.Debug|x64.ActiveCfg = Debug|x64
		{64B33C8B-3374-410F-AFF0-FA15F0FAC017}.Debug|x64.Build.0 = Debug|x64
		{64B33C8B-3374-410F-AFF0-FA15F0FAC017}.Debug|x86.ActiveCfg = Debug|Win32
		{64B33C8B-3374-410F-AFF0-FA15F0FAC017}.Debug|x86.Build.0 = Debug|Win32
		{64B33C8B-3374-410F-AFF0-FA15F0FAC017}.Release|x64.ActiveCfg = Release|x64
		{64B33C8B-3374-410F-AFF0-FA15F0FAC017}.Release|x64.Build.0 = Release|x64
		{64B33C8B-3374-410F-AFF0-FA15F0FAC017}.Release|x86.ActiveCfg = Release|Win32
		{64B33C8B-3374-410F-AFF0-FA15F0FAC017}.Release|x86.Build.0 = Release|Win32
		{151F7499-8CB4-41D3-B89B-658C7CF8F521}.Debug|x64.ActiveCfg = Debug|x64
		{151F7499-8CB4-41D3-B89B-658C7CF8F521}.Debug|x64.Build.0 = Debug|x64
		{151F7499-8CB4-41D3-B89B-658C7CF8F521}.Debug|x86.ActiveCfg = Debug|Win32
		{151F7499-8CB4-41D3-B89B-658C7CF8F521}.Debug|x86.Build.0 = Debug|Win32
		{151F7499-8CB4-41D3-B89B-658C7CF8F521}.Release|x64.ActiveCfg = Release|x64
		{151F7499-8CB4-41D3-B89B-658C7CF8F521}.Release|x64.Build.0 = Release|x64
		{151F7499-8CB4-41D3-B89B-658C7CF8F521}.Release|x86.ActiveCfg = Release|Win32
		{151F7499-8CB4-41D3-B89B-658C7CF8F521}.Release|x86.Build.0 = Release|Win32
		{B51EA0AA-C631-4883-9C74-2C123A857D3B}.Debug|x64.ActiveCfg = Debug|x64
		{B51EA0AA-C631-4883-9C74-2C123A857D3B}.Debug|x64.Build.0 = Debug|x64
		{B51EA0AA-C631-4883-9C74-2C123A857D3B}.Debug|x86.ActiveCfg = Debug|Win32
		{B51EA0AA-C631-4883-9C74-2C123A857D3B}.Debug|x86.Build.0 = Debug|Win32
		{B51EA0AA-C631-4883-9C74-2C123A857D3B}.Release|x64.ActiveCfg = Release|x64
		{B51EA0AA-C631-4883-9C74-2C123A857D3B}.Release|x64.Build.0 = Release|x64
		{B51EA0AA-C631-4883-9C74-2C123A857D3B}.Release|x86.ActiveCfg = Release|Win32
		{B51EA0AA-C631-4883-9C74-2C123A857D3B}.Release|x86.Build.0 = Release|Win32
		{27CCB8B9-D309-4BC4-83C2-8DA62C51F339}.Debug|x64.ActiveCfg = Debug|x64
		{27CCB8B9-D309-4BC4-83C2-8DA62C51F339}.Debug|x64.Build.0 = Debug|x64
		{27CCB8B9-D309-4BC4-83C2-8DA62C51F339}.Debug|x86.ActiveCfg = Debug|Win32
		{27CCB8B9-D309-4BC4-83C2-8DA62C51F339}.Debug|x86.Build.0 = Debug|Win32
		{27CCB8B9-D309-4BC4-83C2-8DA62C51F339}.Release|x64.ActiveCfg = Release|x64
		{27CCB8B9-D309-4BC4-83C2-8DA62C51F339}.Release|x64.Build.0 = Release|x64
		{27CCB8B9-D309-4BC4-83C2-8DA62C51F339}.Release|x86.ActiveCfg = Release|Win32
		{27CCB8B9-D309-4BC4-83C2-8DA62C51F339}.Release|x86.Build.0 = Release|Win32
	EndGlobalSection
	GlobalSection(SolutionProperties) = preSolution
		HideSolutionNode = FALSE
	EndGlobalSection
	GlobalSection(NestedProjects) = preSolution
		{C433278A-BC9C-4486-9FF8-56350440769C} = {FFA43628-1B6C-4250-A97F-1409DED292F9}
		{955F8D05-A5B5-43C2-BD74-464E191B481D} = {FFA43628-1B6C-4250-A97F-1409DED292F9}
		{CE892943-7ECC-4EA1-9FC3-D93CF60050F7} = {FFA43628-1B6C-4250-A97F-1409DED292F9}
		{4E29B859-2683-43D2-9EF8-E359BACCF116} = {FFA43628-1B6C-4250-A97F-1409DED292F9}
		{0CB1BB2B-A2EF-4DCF-BF3C-F18D67D2714C} = {FFA43628-1B6C-4250-A97F-1409DED292F9}
		{FD7C8293-57C2-4D56-B303-191D633E569C} = {FFA43628-1B6C-4250-A97F-1409DED292F9}
		{BAE26448-7BD3-4199-8AF2-5200F866D2A3} = {44105CAE-885C-479F-978E-5B10258119E5}
		{6D297C79-34C7-4B72-98C6-FF54C19BC139} = {44105CAE-885C-479F-978E-5B10258119E5}
		{45923CFA-1BFA-4092-A689-B8E52C1705FB} = {44105CAE-885C-479F-978E-5B10258119E5}
		{892050CE-14B6-4DDA-B2C3-9441278BAAAE} = {FFA43628-1B6C-4250-A97F-1409DED292F9}
		{64B33C8B-3374-410F-AFF0-FA15F0FAC017} = {FFA43628-1B6C-4250-A97F-1409DED292F9}
		{151F7499-8CB4-41D3-B89B-658C7CF8F521} = {FFA43628-1B6C-4250-A97F-1409DED292F9}
		{B51EA0AA-C631-4883-9C74-2C123A857D3B} = {44105CAE-885C-479F-978E-5B10258119E5}
		{27CCB8B9-D309-4BC4-83C2-8DA62C51F339} = {44105CAE-885C-479F-978E-5B10258119E5}
	EndGlobalSection
	GlobalSection(ExtensibilityGlobals) = postSolution
		SolutionGuid = {85195069-D6BC-4854-A42D-783723290DB4}
	EndGlobalSection
EndGlobal
