
Microsoft Visual Studio Solution File, Format Version 12.00
# Visual Studio Version 17
VisualStudioVersion = 17.8.34330.188
MinimumVisualStudioVersion = 10.0.40219.1
Project("{8BC9CEB8-8B4A-11D0-8D11-00A0C91BC942}") = "HelloWorld", "HelloWorld\HelloWorld.vcxproj", "{C433278A-BC9C-4486-9FF8-56350440769C}"
EndProject
Project("{2150E333-8FDC-42A3-9474-1A3956D46DE8}") = "Solution Items", "Solution Items", "{0918A58E-8B77-4B20-AA0A-063E11C6EC9F}"
	ProjectSection(SolutionItems) = preProject
		.gitignore = .gitignore
		README.md = README.md
	EndProjectSection
EndProject
Project("{8BC9CEB8-8B4A-11D0-8D11-00A0C91BC942}") = "BasicInputOutput", "BasicInputOutput\BasicInputOutput.vcxproj", "{955F8D05-A5B5-43C2-BD74-464E191B481D}"
EndProject
Project("{8BC9CEB8-8B4A-11D0-8D11-00A0C91BC942}") = "DoubleInput", "DoubleInput\DoubleInput.vcxproj", "{CE892943-7ECC-4EA1-9FC3-D93CF60050F7}"
EndProject
Project("{8BC9CEB8-8B4A-11D0-8D11-00A0C91BC942}") = "SubtractInputs", "SubtractInputs\SubtractInputs.vcxproj", "{4E29B859-2683-43D2-9EF8-E359BACCF116}"
EndProject
Project("{8BC9CEB8-8B4A-11D0-8D11-00A0C91BC942}") = "FunctionPractice", "FunctionPractice\FunctionPractice.vcxproj", "{0CB1BB2B-A2EF-4DCF-BF3C-F18D67D2714C}"
EndProject
Project("{8BC9CEB8-8B4A-11D0-8D11-00A0C91BC942}") = "MultipleSourceFiles", "MultipleSourceFiles\MultipleSourceFiles.vcxproj", "{FD7C8293-57C2-4D56-B303-191D633E569C}"
EndProject
Global
	GlobalSection(SolutionConfigurationPlatforms) = preSolution
		Debug|x64 = Debug|x64
		Debug|x86 = Debug|x86
		Release|x64 = Release|x64
		Release|x86 = Release|x86
	EndGlobalSection
	GlobalSection(ProjectConfigurationPlatforms) = postSolution
		{C433278A-BC9C-4486-9FF8-56350440769C}.Debug|x64.ActiveCfg = Debug|x64
		{C433278A-BC9C-4486-9FF8-56350440769C}.Debug|x64.Build.0 = Debug|x64
		{C433278A-BC9C-4486-9FF8-56350440769C}.Debug|x86.ActiveCfg = Debug|Win32
		{C433278A-BC9C-4486-9FF8-56350440769C}.Debug|x86.Build.0 = Debug|Win32
		{C433278A-BC9C-4486-9FF8-56350440769C}.Release|x64.ActiveCfg = Release|x64
		{C433278A-BC9C-4486-9FF8-56350440769C}.Release|x64.Build.0 = Release|x64
		{C433278A-BC9C-4486-9FF8-56350440769C}.Release|x86.ActiveCfg = Release|Win32
		{C433278A-BC9C-4486-9FF8-56350440769C}.Release|x86.Build.0 = Release|Win32
		{955F8D05-A5B5-43C2-BD74-464E191B481D}.Debug|x64.ActiveCfg = Debug|x64
		{955F8D05-A5B5-43C2-BD74-464E191B481D}.Debug|x64.Build.0 = Debug|x64
		{955F8D05-A5B5-43C2-BD74-464E191B481D}.Debug|x86.ActiveCfg = Debug|Win32
		{955F8D05-A5B5-43C2-BD74-464E191B481D}.Debug|x86.Build.0 = Debug|Win32
		{955F8D05-A5B5-43C2-BD74-464E191B481D}.Release|x64.ActiveCfg = Release|x64
		{955F8D05-A5B5-43C2-BD74-464E191B481D}.Release|x64.Build.0 = Release|x64
		{955F8D05-A5B5-43C2-BD74-464E191B481D}.Release|x86.ActiveCfg = Release|Win32
		{955F8D05-A5B5-43C2-BD74-464E191B481D}.Release|x86.Build.0 = Release|Win32
		{CE892943-7ECC-4EA1-9FC3-D93CF60050F7}.Debug|x64.ActiveCfg = Debug|x64
		{CE892943-7ECC-4EA1-9FC3-D93CF60050F7}.Debug|x64.Build.0 = Debug|x64
		{CE892943-7ECC-4EA1-9FC3-D93CF60050F7}.Debug|x86.ActiveCfg = Debug|Win32
		{CE892943-7ECC-4EA1-9FC3-D93CF60050F7}.Debug|x86.Build.0 = Debug|Win32
		{CE892943-7ECC-4EA1-9FC3-D93CF60050F7}.Release|x64.ActiveCfg = Release|x64
		{CE892943-7ECC-4EA1-9FC3-D93CF60050F7}.Release|x64.Build.0 = Release|x64
		{CE892943-7ECC-4EA1-9FC3-D93CF60050F7}.Release|x86.ActiveCfg = Release|Win32
		{CE892943-7ECC-4EA1-9FC3-D93CF60050F7}.Release|x86.Build.0 = Release|Win32
		{4E29B859-2683-43D2-9EF8-E359BACCF116}.Debug|x64.ActiveCfg = Debug|x64
		{4E29B859-2683-43D2-9EF8-E359BACCF116}.Debug|x64.Build.0 = Debug|x64
		{4E29B859-2683-43D2-9EF8-E359BACCF116}.Debug|x86.ActiveCfg = Debug|Win32
		{4E29B859-2683-43D2-9EF8-E359BACCF116}.Debug|x86.Build.0 = Debug|Win32
		{4E29B859-2683-43D2-9EF8-E359BACCF116}.Release|x64.ActiveCfg = Release|x64
		{4E29B859-2683-43D2-9EF8-E359BACCF116}.Release|x64.Build.0 = Release|x64
		{4E29B859-2683-43D2-9EF8-E359BACCF116}.Release|x86.ActiveCfg = Release|Win32
		{4E29B859-2683-43D2-9EF8-E359BACCF116}.Release|x86.Build.0 = Release|Win32
		{0CB1BB2B-A2EF-4DCF-BF3C-F18D67D2714C}.Debug|x64.ActiveCfg = Debug|x64
		{0CB1BB2B-A2EF-4DCF-BF3C-F18D67D2714C}.Debug|x64.Build.0 = Debug|x64
		{0CB1BB2B-A2EF-4DCF-BF3C-F18D67D2714C}.Debug|x86.ActiveCfg = Debug|Win32
		{0CB1BB2B-A2EF-4DCF-BF3C-F18D67D2714C}.Debug|x86.Build.0 = Debug|Win32
		{0CB1BB2B-A2EF-4DCF-BF3C-F18D67D2714C}.Release|x64.ActiveCfg = Release|x64
		{0CB1BB2B-A2EF-4DCF-BF3C-F18D67D2714C}.Release|x64.Build.0 = Release|x64
		{0CB1BB2B-A2EF-4DCF-BF3C-F18D67D2714C}.Release|x86.ActiveCfg = Release|Win32
		{0CB1BB2B-A2EF-4DCF-BF3C-F18D67D2714C}.Release|x86.Build.0 = Release|Win32
		{FD7C8293-57C2-4D56-B303-191D633E569C}.Debug|x64.ActiveCfg = Debug|x64
		{FD7C8293-57C2-4D56-B303-191D633E569C}.Debug|x64.Build.0 = Debug|x64
		{FD7C8293-57C2-4D56-B303-191D633E569C}.Debug|x86.ActiveCfg = Debug|Win32
		{FD7C8293-57C2-4D56-B303-191D633E569C}.Debug|x86.Build.0 = Debug|Win32
		{FD7C8293-57C2-4D56-B303-191D633E569C}.Release|x64.ActiveCfg = Release|x64
		{FD7C8293-57C2-4D56-B303-191D633E569C}.Release|x64.Build.0 = Release|x64
		{FD7C8293-57C2-4D56-B303-191D633E569C}.Release|x86.ActiveCfg = Release|Win32
		{FD7C8293-57C2-4D56-B303-191D633E569C}.Release|x86.Build.0 = Release|Win32
	EndGlobalSection
	GlobalSection(SolutionProperties) = preSolution
		HideSolutionNode = FALSE
	EndGlobalSection
	GlobalSection(ExtensibilityGlobals) = postSolution
		SolutionGuid = {85195069-D6BC-4854-A42D-783723290DB4}
	EndGlobalSection
EndGlobal
